
Microsoft Visual Studio Solution File, Format Version 12.00
# Visual Studio Version 16
VisualStudioVersion = 16.0.34729.46
MinimumVisualStudioVersion = 10.0.40219.1
Project("{FAE04EC0-301F-11D3-BF4B-00C04F79EFBC}") = "ClassMethodAssignment", "ClassMethodAssignment\ClassMethodAssignment.csproj", "{A383CEC1-9A49-46E4-97D2-21D23A80D130}"
EndProject
Global
	GlobalSection(SolutionConfigurationPlatforms) = preSolution
		Debug|Any CPU = Debug|Any CPU
		Release|Any CPU = Release|Any CPU
	EndGlobalSection
	GlobalSection(ProjectConfigurationPlatforms) = postSolution
		{A383CEC1-9A49-46E4-97D2-21D23A80D130}.Debug|Any CPU.ActiveCfg = Debug|Any CPU
		{A383CEC1-9A49-46E4-97D2-21D23A80D130}.Debug|Any CPU.Build.0 = Debug|Any CPU
		{A383CEC1-9A49-46E4-97D2-21D23A80D130}.Release|Any CPU.ActiveCfg = Release|Any CPU
		{A383CEC1-9A49-46E4-97D2-21D23A80D130}.Release|Any CPU.Build.0 = Release|Any CPU
	EndGlobalSection
	GlobalSection(SolutionProperties) = preSolution
		HideSolutionNode = FALSE
	EndGlobalSection
	GlobalSection(ExtensibilityGlobals) = postSolution
		SolutionGuid = {A8CB1C84-3C94-4682-8F56-150B6351F328}
	EndGlobalSection
EndGlobal
